github.com/DATA-DOG/go-sqlmock v1.5.0 h1:Shsta01QNfFxHCfpW6YH2STWB0MudeXXEWMr20OEh60=
github.com/alicebob/gopher-json v0.0.0-20200520072559-a9ecdc9d1d3a h1:HbKu58rmZpUGpz5+4FfNmIU+FmZg2P3Xaj2v2bfNWmk=
github.com/alicebob/miniredis/v2 v2.30.0 h1:uA3uhDbCxfO9+DI/DuGeAMr9qI+noVWwGPNTFuKID5M=
github.com/beorn7/perks v1.0.1 h1:VlbKKnNfV8bJzeqoa4cOKqO6bYr3WgKZxO8Z16+hsOM=
github.com/cenkalti/backoff/v4 v4.2.0 h1:HN5dHm3WBOgndBH6E8V0q2jIYIR3s9yglV8k/+MN3u4=
github.com/cespare/xxhash/v2 v2.2.0 h1:DC2CZ1Ep5Y4k3ZQ899DldepgrayRUGE6BBZ/cd9Cj44=
github.com/davecgh/go-spew v1.1.1 h1:vj9j/u1bqnvCEfJOwUhtlOARqs3+rkHYY13jYWTU97c=
github.com/dgryski/go-rendezvous v0.0.0-20200823014737-9f7001d12a5f h1:lO4WD4F/rVNCu3HqELle0jiPLLBs70cWOduZpkS1E78=
github.com/fatih/color v1.14.1 h1:qfhVLaG5s+nCROl1zJsZRxFeYrHLqWroPOQ8BWiNb4w=
github.com/fsnotify/fsnotify v1.5.1 h1:mZcQUHVQUQWoPXXtuf9yuEXKudkV2sx1E06UadKWpgI=
github.com/go-logr/logr v1.2.3 h1:2DntVwHkVopvECVRSlL5PSo9eG+cAkDCuckLubN+rq0=
github.com/go-logr/stdr v1.2.2 h1:hSWxHoqTgW2S2qGc0LTAI563KZ5YKYRhT3MFKZMbjag=
github.com/go-redis/redis/v8 v8.11.5 h1:AcZZR7igkdvfVmQTPnu9WE37LRrO/YrBH5zWyjDC0oI=
github.com/go-sql-driver/mysql v1.7.0 h1:ueSltNNllEqE3qcWBTD0iQd3IpL/6U+mJxLkazJ7YPc=
github.com/golang/glog v1.0.0 h1:nfP3RFugxnNRyKgeWd4oI1nYvXpxrx8ck8ZrcizshdQ=
github.com/golang/protobuf v1.5.2 h1:ROPKBNFfQgOUMifHyP+KYbvpjbdoFNs+aK7DXlji0Tw=
github.com/google/go-cmp v0.5.9 h1:O2Tfq5qg4qc4AmwVlvv0oLiVAGB7enBSJ2x2DqQFi38=
github.com/google/uuid v1.3.0 h1:t6JiXgmwXMjEs8VusXIJk2BXHsn+wx8BZdTaoZ5fu7I=
github.com/grpc-ecosystem/grpc-gateway/v2 v2.15.0 h1:1JYBfzqrWPcCclBwxFCPAou9n+q86mfnu7NAeHfte7A=
github.com/h2non/parth v0.0.0-20190131123155-b4df798d6542 h1:2VTzZjLZBgl62/EtslCrtky5vbi9dd7HrQPQIx6wqiw=
github.com/kr/pretty v0.3.0 h1:WgNl7dwNpEZ6jJ9k1snq4pZsg7DOEN8hP9Xw0Tsjwk0=
github.com/kr/text v0.2.0 h1:5Nx0Ya0ZqY2ygV366QzturHI13Jq95ApcVaJBhpS+AY=
github.com/mattn/go-colorable v0.1.13 h1:fFA4WZxdEF4tXPZVKMLwD8oUnCTTo08duU7wxecdEvA=
github.com/mattn/go-isatty v0.0.17 h1:BTarxUcIeDqL27Mc+vyvdWYSL28zpIhv3RoTdsLMPng=
github.com/matttproud/golang_protobuf_extensions v1.0.2-0.20181231171920-c182affec369 h1:I0XW9+e1XWDxdcEniV4rQAIOPUGDq67JSCiRCgGCZLI=
github.com/nxadm/tail v1.4.8 h1:nPr65rt6Y5JFSKQO7qToXr7pePgD6Gwiw05lkbyAQTE=
github.com/onsi/ginkgo v1.16.5 h1:8xi0RTUf59SOSfEtZMvwTvXYMzG4gV23XVHOZiXNtnE=
github.com/onsi/gomega v1.23.0 h1:/oxKu9c2HVap+F3PfKort2Hw5DEU+HGlW8n+tguWsys=
github.com/openzipkin/zipkin-go v0.4.1 h1:kNd/ST2yLLWhaWrkgchya40TJabe8Hioj9udfPcEO5A=
github.com/pelletier/go-toml/v2 v2.0.7 h1:muncTPStnKRos5dpVKULv2FVd4bMOhNePj9CjgDb8Us=
github.com/pmezard/go-difflib v1.0.0 h1:4DBwDE0NGyQoBHbLQYPwSUPoCMWR5BEzIk/f1lZbAQM=
github.com/prashantv/gostub v1.1.0 h1:BTyx3RfQjRHnUWaGF9oQos79AlQ5k8WNktv7VGvVH4g=
github.com/prometheus/client_golang v1.14.0 h1:nJdhIvne2eSX/XRAFV9PcvFFRbrjbcTUj0VP62TMhnw=
github.com/prometheus/client_model v0.3.0 h1:UBgGFHqYdG/TPFD1B1ogZywDqEkwp3fBMvqdiQ7Xew4=
github.com/prometheus/common v0.37.0 h1:ccBbHCgIiT9uSoFY0vX8H3zsNR5eLt17/RQLUvn8pXE=
github.com/prometheus/procfs v0.8.0 h1:ODq8ZFEaYeCaZOJlZZdJA2AbQR98dSHSM1KW/You5mo=
github.com/rogpeppe/go-internal v1.9.0 h1:73kH8U+JUqXU8lRuOHeVHaa/SZPifC7BkcraZVejAe8=
github.com/spaolacci/murmur3 v1.1.0 h1:7c1g84S4BPRrfL5Xrdp6fOJ206sU9y293DDHaoy0bLI=
github.com/stretchr/objx v0.5.0 h1:1zr/of2m5FGMsad5YfcqgdqdWrIhu+EBEJRhR1U7z/c=
github.com/stretchr/testify v1.8.2 h1:+h33VjcLVPDHtOdpUCuF+7gSuG3yGIftsP1YvFihtJ8=
github.com/yuin/gopher-lua v0.0.0-20220504180219-658193537a64 h1:5mLPGnFdSsevFRFc9q3yYbBkB6tsm4aCwwQV/j1JQAQ=
github.com/zeromicro/go-zero v1.5.0 h1:ZVLAk72e5vhvkd5jNM39MRMR/lJEqcnWwbLcZfzR/HE=
go.opentelemetry.io/otel v1.14.0 h1:/79Huy8wbf5DnIPhemGB+zEPVwnN6fuQybr/SRXa6hM=
go.opentelemetry.io/otel/exporters/jaeger v1.14.0 h1:CjbUNd4iN2hHmWekmOqZ+zSCU+dzZppG8XsV+A3oc8Q=
go.opentelemetry.io/otel/exporters/otlp/internal/retry v1.14.0 h1:/fXHZHGvro6MVqV34fJzDhi7sHGpX3Ej/Qjmfn003ho=
go.opentelemetry.io/otel/exporters/otlp/otlptrace v1.14.0 h1:TKf2uAs2ueguzLaxOCBXNpHxfO/aC7PAdDsSH0IbeRQ=
go.opentelemetry.io/otel/exporters/otlp/otlptrace/otlptracegrpc v1.14.0 h1:ap+y8RXX3Mu9apKVtOkM6WSFESLM8K3wNQyOU8sWHcc=
go.opentelemetry.io/otel/exporters/otlp/otlptrace/otlptracehttp v1.14.0 h1:3jAYbRHQAqzLjd9I4tzxwJ8Pk/N6AqBcF6m1ZHrxG94=
go.opentelemetry.io/otel/exporters/zipkin v1.14.0 h1:reEVE1upBF9tcujgvSqLJS0SrI7JQPaTKP4s4rymnSs=
go.opentelemetry.io/otel/sdk v1.14.0 h1:PDCppFRDq8A1jL9v6KMI6dYesaq+DFcDZvjsoGvxGzY=
go.opentelemetry.io/otel/trace v1.14.0 h1:wp2Mmvj41tDsyAJXiWDWpfNsOiIyd38fy85pyKcFq/M=
go.opentelemetry.io/proto/otlp v0.19.0 h1:IVN6GR+mhC4s5yfcTbmzHYODqvWAp3ZedA2SJPI1Nnw=
go.uber.org/automaxprocs v1.5.1 h1:e1YG66Lrk73dn4qhg8WFSvhF0JuFQF0ERIp4rpuV8Qk=
go.uber.org/goleak v1.2.1 h1:NBol2c7O1ZokfZ0LEU9K6Whx/KnwvepVetCUhtKja4A=
golang.org/x/net v0.7.0 h1:rJrUqqhjsgNp7KqAIc25s9pZnjU7TUcSY7HcVZjdn1g=
golang.org/x/sys v0.5.0 h1:MUK/U/4lj1t1oPg0HfuXDN/Z1wv31ZJ/YcPiGccS4DU=
golang.org/x/text v0.7.0 h1:4BRB4x83lYWy72KwLD/qYDuTu7q9PjSagHvijDw7cLo=
google.golang.org/genproto v0.0.0-20230123190316-2c411cf9d197 h1:BwjeHhu4HS48EZmu1nS7flldBIDPC3qn+HqaSQ1K4x8=
google.golang.org/grpc v1.53.0 h1:LAv2ds7cmFV/XTS3XG1NneeENYrXGmorPxsBbptIjNc=
google.golang.org/protobuf v1.28.2-0.20220831092852-f930b1dc76e8 h1:KR8+MyP7/qOlV+8Af01LtjL04bu7on42eVsxT4EyBQk=
gopkg.in/check.v1 v1.0.0-20201130134442-10cb98267c6c h1:Hei/4ADfdWqJk1ZMxUNpqntNwaWcugrBjAiHlqqRiVk=
gopkg.in/h2non/gock.v1 v1.1.2 h1:jBbHXgGBK/AoPVfJh5x4r/WxIrElvbLel8TCZkkZJoY=
gopkg.in/tomb.v1 v1.0.0-20141024135613-dd632973f1e7 h1:uRGJdciOHaEIrze2W8Q3AKkepLTh2hOroT7a+7czfdQ=
gopkg.in/yaml.v2 v2.4.0 h1:D8xgwECY7CYvx+Y2n4sBz93Jn9JRvxdiyyo8CTfuKaY=
gopkg.in/yaml.v3 v3.0.1 h1:fxVm/GzAzEWqLHuvctI91KS9hhNmmWOoWu0XTYJS7CA=
k8s.io/utils v0.0.0-20230115233650-391b47cb4029 h1:L8zDtT4jrxj+TaQYD0k8KNlr556WaVQylDXswKmX+dE=
